
Microsoft Visual Studio Solution File, Format Version 12.00
# Visual Studio Version 17
VisualStudioVersion = 17.11.35327.3
MinimumVisualStudioVersion = 10.0.40219.1
Project("{FAE04EC0-301F-11D3-BF4B-00C04F79EFBC}") = "CMCS_v3", "CMCS_v3\CMCS_v3.csproj", "{4AC1FDDF-125E-4AEC-AEA0-6C0658B34935}"
EndProject
Global
	GlobalSection(SolutionConfigurationPlatforms) = preSolution
		Debug|Any CPU = Debug|Any CPU
		Release|Any CPU = Release|Any CPU
	EndGlobalSection
	GlobalSection(ProjectConfigurationPlatforms) = postSolution
		{4AC1FDDF-125E-4AEC-AEA0-6C0658B34935}.Debug|Any CPU.ActiveCfg = Debug|Any CPU
		{4AC1FDDF-125E-4AEC-AEA0-6C0658B34935}.Debug|Any CPU.Build.0 = Debug|Any CPU
		{4AC1FDDF-125E-4AEC-AEA0-6C0658B34935}.Release|Any CPU.ActiveCfg = Release|Any CPU
		{4AC1FDDF-125E-4AEC-AEA0-6C0658B34935}.Release|Any CPU.Build.0 = Release|Any CPU
	EndGlobalSection
	GlobalSection(SolutionProperties) = preSolution
		HideSolutionNode = FALSE
	EndGlobalSection
	GlobalSection(ExtensibilityGlobals) = postSolution
		SolutionGuid = {68D20CB1-100A-4650-945B-20E6C674CCFA}
	EndGlobalSection
EndGlobal
