
Microsoft Visual Studio Solution File, Format Version 12.00
# Visual Studio Version 17
VisualStudioVersion = 17.11.35327.3
MinimumVisualStudioVersion = 10.0.40219.1
Project("{FAE04EC0-301F-11D3-BF4B-00C04F79EFBC}") = "cmcs_api", "cmcs_api\cmcs_api.csproj", "{FB070F27-D87A-4450-8CD3-89E10CC5FD89}"
EndProject
Global
	GlobalSection(SolutionConfigurationPlatforms) = preSolution
		Debug|Any CPU = Debug|Any CPU
		Release|Any CPU = Release|Any CPU
	EndGlobalSection
	GlobalSection(ProjectConfigurationPlatforms) = postSolution
		{FB070F27-D87A-4450-8CD3-89E10CC5FD89}.Debug|Any CPU.ActiveCfg = Debug|Any CPU
		{FB070F27-D87A-4450-8CD3-89E10CC5FD89}.Debug|Any CPU.Build.0 = Debug|Any CPU
		{FB070F27-D87A-4450-8CD3-89E10CC5FD89}.Release|Any CPU.ActiveCfg = Release|Any CPU
		{FB070F27-D87A-4450-8CD3-89E10CC5FD89}.Release|Any CPU.Build.0 = Release|Any CPU
	EndGlobalSection
	GlobalSection(SolutionProperties) = preSolution
		HideSolutionNode = FALSE
	EndGlobalSection
	GlobalSection(ExtensibilityGlobals) = postSolution
		SolutionGuid = {73B0AA70-2646-439F-BE8A-D00790C63DCF}
	EndGlobalSection
EndGlobal
